
Microsoft Visual Studio Solution File, Format Version 12.00
# Visual Studio Version 17
VisualStudioVersion = 17.11.35219.272
MinimumVisualStudioVersion = 10.0.40219.1
Project("{FAE04EC0-301F-11D3-BF4B-00C04F79EFBC}") = "MauiPlanets", "MauiPlanets\MauiPlanets.csproj", "{9054F99A-5DC1-4A5B-B047-9AA8FDF5D6F0}"
EndProject
Global
	GlobalSection(SolutionConfigurationPlatforms) = preSolution
		Debug|Any CPU = Debug|Any CPU
		Release|Any CPU = Release|Any CPU
	EndGlobalSection
	GlobalSection(ProjectConfigurationPlatforms) = postSolution
		{9054F99A-5DC1-4A5B-B047-9AA8FDF5D6F0}.Debug|Any CPU.ActiveCfg = Debug|Any CPU
		{9054F99A-5DC1-4A5B-B047-9AA8FDF5D6F0}.Debug|Any CPU.Build.0 = Debug|Any CPU
		{9054F99A-5DC1-4A5B-B047-9AA8FDF5D6F0}.Debug|Any CPU.Deploy.0 = Debug|Any CPU
		{9054F99A-5DC1-4A5B-B047-9AA8FDF5D6F0}.Release|Any CPU.ActiveCfg = Release|Any CPU
		{9054F99A-5DC1-4A5B-B047-9AA8FDF5D6F0}.Release|Any CPU.Build.0 = Release|Any CPU
		{9054F99A-5DC1-4A5B-B047-9AA8FDF5D6F0}.Release|Any CPU.Deploy.0 = Release|Any CPU
	EndGlobalSection
	GlobalSection(SolutionProperties) = preSolution
		HideSolutionNode = FALSE
	EndGlobalSection
	GlobalSection(ExtensibilityGlobals) = postSolution
		SolutionGuid = {29CDAFAF-C568-47DF-81DB-DA18F5ACA2F7}
	EndGlobalSection
EndGlobal
